dependencies:
- name: nginx-ingress
  repository: oci://ghcr.io/nginx/charts
  version: 2.5.0
- name: opentelemetry-collector
  repository: https://open-telemetry.github.io/opentelemetry-helm-charts
  version: 0.150.0
digest: sha256:3d09d5d1f530e5444ae1392b01b8dea3fbdf8f3911e683544daf4654fb02e518
generated: "2026-04-22T17:45:12.654008+02:00"
